version = 1
revision = 2
requires-python = ">=3.9"

[[package]]
name = "kvwc"
version = "0.1.0"
source = { editable = "." }
dependencies = [
    { name = "msgpack-python" },
    { name = "rocksdict" },
]

[package.metadata]
requires-dist = [
    { name = "msgpack-python", specifier = ">=0.5.6" },
    { name = "rocksdict" },
]

[[package]]
name = "msgpack-python"
version = "0.5.6"
source = { registry = "https://pypi.org/simple" }
sdist = { url = "https://files.pythonhosted.org/packages/8a/20/6eca772d1a5830336f84aca1d8198e5a3f4715cd1c7fc36d3cc7f7185091/msgpack-python-0.5.6.tar.gz", hash = "sha256:378cc8a6d3545b532dfd149da715abae4fda2a3adb6d74e525d0d5e51f46909b", size = 138996, upload-time = "2018-03-10T09:22:56.493Z" }

[[package]]
name = "rocksdict"
version = "0.3.26"
source = { registry = "https://pypi.org/simple" }
wheels = [
    { url = "https://files.pythonhosted.org/packages/a6/23/d7b5c5332c97befaaa029d92f658ec5d2ff4540082cbc636c24f1ca17690/rocksdict-0.3.26-cp310-cp310-macosx_10_14_x86_64.whl", hash = "sha256:ec6e74f73afa92ed43b5d1ce6c20874f179199239a36ae4ca13e6d6b25bd2694", size = 3969648, upload-time = "2025-04-26T06:33:25.607Z" },
    { url = "https://files.pythonhosted.org/packages/11/4d/1ec948b572e16a4128b0dbf812e9bee97c423ef3f0d625dbe020cf9ae14c/rocksdict-0.3.26-cp310-cp310-macosx_11_0_arm64.whl", hash = "sha256:fcbfdf883366b73a4a699b102c20ef17b686277297f332aa6a3c9555dd239127", size = 3567786, upload-time = "2025-04-26T06:33:27.87Z" },
    { url = "https://files.pythonhosted.org/packages/e9/67/cee90c9149530d530031ebcc518a10861a0602a3d7c129c28337130cecfa/rocksdict-0.3.26-cp310-cp310-manylinux_2_17_aarch64.manylinux2014_aarch64.whl", hash = "sha256:1a3c045f28b1dcf44f1a5920e74542ff1c6e4cacf82bd92a930a0dada9d12314", size = 3950938, upload-time = "2025-04-26T06:33:29.491Z" },
    { url = "https://files.pythonhosted.org/packages/5f/1d/0cc9141d4c40ef95ca6df515d5125cf6dbd2f99e2836494c5846e9d24555/rocksdict-0.3.26-cp310-cp310-manylinux_2_17_x86_64.manylinux2014_x86_64.whl", hash = "sha256:d524de09ca248f466c9a9cc25bf63d0943e46d63c6bc44c75da646b647f7f3ea", size = 4120416, upload-time = "2025-04-26T06:33:31.093Z" },
    { url = "https://files.pythonhosted.org/packages/fa/7f/3b4b145b47293d797cb2732d7e4bcf091a44b3d04748c56e6192f950bbec/rocksdict-0.3.26-cp310-cp310-manylinux_2_28_aarch64.whl", hash = "sha256:092917c1086beebf0d3a655327826c60ba8549ca06b2f23f6f146aa5cabacc24", size = 3950910, upload-time = "2025-04-26T06:33:32.675Z" },
    { url = "https://files.pythonhosted.org/packages/9e/1d/022b14a687fbcb937a27d4d8a5edc6ee3c18aefda6ebee29613315ed01ed/rocksdict-0.3.26-cp310-cp310-manylinux_2_28_x86_64.whl", hash = "sha256:bb528fc6efab9364d9c88ef7269a2aca499d255d0d4f27ea17674673acca609c", size = 4153736, upload-time = "2025-04-26T06:33:34.332Z" },
    { url = "https://files.pythonhosted.org/packages/e9/4b/1eed1031a1e74a294f42336577787d05221710b0ba5b35fadd43c43f31bd/rocksdict-0.3.26-cp310-cp310-musllinux_1_2_aarch64.whl", hash = "sha256:f3ca32742403ce2a39403ab6be1c04e03a703df5312c6568ada77314a6d00c1e", size = 4882885, upload-time = "2025-04-26T06:33:35.96Z" },
    { url = "https://files.pythonhosted.org/packages/fc/27/920552e2d2fd5c11d6805c24380f1641dda36c6b3eec5bd364aaa189e61a/rocksdict-0.3.26-cp310-cp310-musllinux_1_2_x86_64.whl", hash = "sha256:0ab2564c482e257fdf4f2657c8f9658eb6c03ed4defe70ab44188de2e50db688", size = 5140504, upload-time = "2025-04-26T06:33:37.645Z" },
    { url = "https://files.pythonhosted.org/packages/e4/cf/4766151ace77a7b8b69c11d32577411e05af23e9cff8f4fed890626d396b/rocksdict-0.3.26-cp310-cp310-win_amd64.whl", hash = "sha256:c8fbbe1e6f2d2ba7abab223493cb0431da4503c175e9fe4c3163ffe22e0c91ce", size = 3795136, upload-time = "2025-04-26T06:33:39.172Z" },
    { url = "https://files.pythonhosted.org/packages/6e/dc/06ecf21b998c80f3ef24d882c1a32fef5fe0a224527cdabc30d25ca2fee0/rocksdict-0.3.26-cp311-cp311-macosx_10_14_x86_64.whl", hash = "sha256:bd06e33b871ff73e31d135e30bc32e2849e306ff1b109ccfa370042845aed474", size = 3969188, upload-time = "2025-04-26T06:33:40.801Z" },
    { url = "https://files.pythonhosted.org/packages/7b/77/b9413e2b75eedd06a5475574a3f950eb0d0445e66bfbb09cec524bbb1211/rocksdict-0.3.26-cp311-cp311-macosx_11_0_arm64.whl", hash = "sha256:51c5fa1232936cc43ae60152bc9e7d4ba1608d47dadf337afe398a1676965790", size = 3567428, upload-time = "2025-04-26T06:33:42.071Z" },
    { url = "https://files.pythonhosted.org/packages/2a/3d/71dbde1bf5673891caa91e03d43ae98ba22fdade4c76c3b3dce9caf939c6/rocksdict-0.3.26-cp311-cp311-manylinux_2_17_aarch64.manylinux2014_aarch64.whl", hash = "sha256:9db0daaf496fb2b474f9b8d29df686b8b4020ecf91b71a1632d6b4317487b388", size = 3950751, upload-time = "2025-04-26T06:33:43.327Z" },
    { url = "https://files.pythonhosted.org/packages/f0/92/b4c13b117acfc0954f0959e7c8eda247510b3da41103800d68b774a03a7e/rocksdict-0.3.26-cp311-cp311-manylinux_2_17_x86_64.manylinux2014_x86_64.whl", hash = "sha256:af6998e95f28ba8b77481bc1625d1125bd0e9d6a7ffa0bf9f4b6db9bc1894aba", size = 4120785, upload-time = "2025-04-26T06:33:44.612Z" },
    { url = "https://files.pythonhosted.org/packages/03/01/e15bc771467b369fb79436d6fd96e4a4e42a5a62a4af81d0f3e7fb787754/rocksdict-0.3.26-cp311-cp311-manylinux_2_28_aarch64.whl", hash = "sha256:7d00df686e19a7d3dc5a46730a48a78635e5385d66c7257b5bc46bad0082c2bd", size = 3950831, upload-time = "2025-04-26T06:33:45.835Z" },
    { url = "https://files.pythonhosted.org/packages/8e/d9/7e60036f71a15a127cf6babb20cd8d876a23fd947ca4b16b63ea92dcb25a/rocksdict-0.3.26-cp311-cp311-manylinux_2_28_x86_64.whl", hash = "sha256:06a68ce6ce92518d0a936e172ccf9ea1c6a799874530e2d4b2be05e8f91a7ecf", size = 4153857, upload-time = "2025-04-26T06:33:47.179Z" },
    { url = "https://files.pythonhosted.org/packages/ab/a4/78f01190913d14ec2159ae6c53cd84cbbdb0b5609d46efa5e38c075c0638/rocksdict-0.3.26-cp311-cp311-musllinux_1_2_aarch64.whl", hash = "sha256:db5d1a76f3579f9f55e359a962723bfdbd3c2bbe488e66610a56a7d60f3074ee", size = 4882661, upload-time = "2025-04-26T06:33:48.892Z" },
    { url = "https://files.pythonhosted.org/packages/61/85/69580984c410e9a3ad4dbc489ad5d3871d646f8a2bc0b9d75cd6eacfc506/rocksdict-0.3.26-cp311-cp311-musllinux_1_2_x86_64.whl", hash = "sha256:c74e9a644b7cf5ef003e988b6d98cc91cf49104d71695410814472a8466ff21a", size = 5140450, upload-time = "2025-04-26T06:33:50.179Z" },
    { url = "https://files.pythonhosted.org/packages/b8/ee/f50fcfea9cc1beface0b4dbc5596d5b902aaaf439769cd762e7121559302/rocksdict-0.3.26-cp311-cp311-win_amd64.whl", hash = "sha256:8d5443e35f60ab2670bd71ba8a712c19a6bf8e86826c8fde0fae4d35d88d06e8", size = 3795262, upload-time = "2025-04-26T06:33:51.488Z" },
    { url = "https://files.pythonhosted.org/packages/3d/37/58b0e1de0d7679a8e570f6be5c022a36387e7d39cbf9eea184948535c6e1/rocksdict-0.3.26-cp312-cp312-macosx_10_14_x86_64.whl", hash = "sha256:d5ccebc4c0f75143fb37e7e0931bb0ca0ee320ff083d13870484cfa8eed0831e", size = 3967094, upload-time = "2025-04-26T06:33:52.795Z" },
    { url = "https://files.pythonhosted.org/packages/f6/0c/22cdf74cafa5a5ea51d5ccac57578b6ec2cebb47623a33afa7fa775c68c2/rocksdict-0.3.26-cp312-cp312-macosx_11_0_arm64.whl", hash = "sha256:4efacac3edc025e5ccbad759c1550bff16bc40a8582d856d2ca15cf14fb71aff", size = 3564651, upload-time = "2025-04-26T06:33:54.425Z" },
    { url = "https://files.pythonhosted.org/packages/9a/5f/30fbf1ab46ecc64cc4110d972e86e5c08a02510083a5c90cda5d0d7382f7/rocksdict-0.3.26-cp312-cp312-manylinux_2_17_aarch64.manylinux2014_aarch64.whl", hash = "sha256:208dbe9b17b158b314ee333084b4ba3ef2d50fcc573cc15b73a2c5bd35ffa02e", size = 3949709, upload-time = "2025-04-26T06:33:56.028Z" },
    { url = "https://files.pythonhosted.org/packages/3c/0e/9a40ba46b54eb03eba6b31f229419b3cb6992ca0a7111ec053e0eae41356/rocksdict-0.3.26-cp312-cp312-manylinux_2_17_x86_64.manylinux2014_x86_64.whl", hash = "sha256:c1135c6a4ca1d52b646fef5f45a5e18b0a30b4bdcc15f012125b167a5ee5b434", size = 4122865, upload-time = "2025-04-26T06:33:57.299Z" },
    { url = "https://files.pythonhosted.org/packages/1f/44/6725b5c49edf2954a23279d81f461379a9c60be8408a4d7a84e8611fdb9e/rocksdict-0.3.26-cp312-cp312-manylinux_2_28_aarch64.whl", hash = "sha256:7ca6d62f5aa1c56e9fa3f8a0786a3a85c20be58d54a759422ea92e6ed3ebda59", size = 3950593, upload-time = "2025-04-26T06:33:58.577Z" },
    { url = "https://files.pythonhosted.org/packages/37/49/8106f698332f2a944e606dd7b590efcc0ebcc52f54c2a8acf6c29390af25/rocksdict-0.3.26-cp312-cp312-manylinux_2_28_x86_64.whl", hash = "sha256:fe8105348d41d8a4a22802e6b1822ade15675367b8f402f2b47b13210ecd39f1", size = 4156399, upload-time = "2025-04-26T06:34:00.25Z" },
    { url = "https://files.pythonhosted.org/packages/e3/0e/71b4a55a20c75ec8c24e24e9f4241f269bc0069fee17597cbeee19ebfe41/rocksdict-0.3.26-cp312-cp312-musllinux_1_2_aarch64.whl", hash = "sha256:2b40a82d54fd82c122885ba78258e348ef6198ae36efe8ec1c0e3db7d39395b3", size = 4881093, upload-time = "2025-04-26T06:34:01.648Z" },
    { url = "https://files.pythonhosted.org/packages/72/28/4b53c0e067afe0cc19e5c07b93384316bd576d9314e33a046be0ff9edae5/rocksdict-0.3.26-cp312-cp312-musllinux_1_2_x86_64.whl", hash = "sha256:2860b84d8e58de6f01aa56e07ec033b2c3993ce0bb46cd9a9838e107bb94db31", size = 5141991, upload-time = "2025-04-26T06:34:03.741Z" },
    { url = "https://files.pythonhosted.org/packages/66/89/642dc786f49b1770dc8dbaa3f28eca96e031d6b81e88145c973a181e3156/rocksdict-0.3.26-cp312-cp312-win_amd64.whl", hash = "sha256:21ab5f5a9be824fbad97939dd02e0436da4c8e51866850bf4e01c367d5cbb594", size = 3792712, upload-time = "2025-04-26T06:34:05.254Z" },
    { url = "https://files.pythonhosted.org/packages/8f/3c/c5b31152116b49de993ab3634e85af9aa5743de2e2a40a9b2945f7da83ce/rocksdict-0.3.26-cp313-cp313-macosx_10_14_x86_64.whl", hash = "sha256:48fd2c6b679660577d86acb86cbd1b9c91a8f7965d96372ba059245b9e173ea5", size = 3966612, upload-time = "2025-04-26T06:34:06.777Z" },
    { url = "https://files.pythonhosted.org/packages/82/bf/f6118ff0c885f011e11a20f2656904241707e710adeeec742721a53a4b48/rocksdict-0.3.26-cp313-cp313-macosx_11_0_arm64.whl", hash = "sha256:29a62a035c529abc04f288fc3a4de8f267698d142b54273e6119ba1fe71d8c88", size = 3564560, upload-time = "2025-04-26T06:34:08.661Z" },
    { url = "https://files.pythonhosted.org/packages/65/5b/0574daad03ca7c7b30ec6aef3febbec8abd6504726785c8d319ee93def91/rocksdict-0.3.26-cp313-cp313-manylinux_2_17_aarch64.manylinux2014_aarch64.whl", hash = "sha256:a86e710e1b506fcba1edbf3883e898fc84b301f90bee1038ab67f01eb2bba525", size = 3950212, upload-time = "2025-04-26T06:34:09.901Z" },
    { url = "https://files.pythonhosted.org/packages/03/ac/0fa5471d478c5c676860630f399e0c1b20526878b0509bd1b13363ad32dc/rocksdict-0.3.26-cp313-cp313-manylinux_2_17_x86_64.manylinux2014_x86_64.whl", hash = "sha256:06980946b74e857b90a8f14438078046cf285c80ca130aa67c851b82ad139d44", size = 4122455, upload-time = "2025-04-26T06:34:11.583Z" },
    { url = "https://files.pythonhosted.org/packages/3f/3f/107731b862f7b5f22173d7a7a41dc27af409bcbadfc34cc5826b84861c9a/rocksdict-0.3.26-cp313-cp313-manylinux_2_28_aarch64.whl", hash = "sha256:4d0b3c7a1e644901f65e9dd6a589845b5799a0910cb38f4a6458c96c1b564c01", size = 3949923, upload-time = "2025-04-26T06:34:12.902Z" },
    { url = "https://files.pythonhosted.org/packages/3a/cb/46237085667745a5e3917cf9b367d1dc2e3fe2aca9dcc4f0ea288bde1e25/rocksdict-0.3.26-cp313-cp313-manylinux_2_28_x86_64.whl", hash = "sha256:8839c939d23911f589cd2f330e4a4fde40741c86bd3d80edc7488488798cb1bc", size = 4155977, upload-time = "2025-04-26T06:34:14.187Z" },
    { url = "https://files.pythonhosted.org/packages/32/e2/a08300bd6e7a5e5a6b5aee5d9e909bccbe0ca6923a8c183085bf8831e35a/rocksdict-0.3.26-cp313-cp313-musllinux_1_2_aarch64.whl", hash = "sha256:f68fc71191d27a8e95d8ca1d326adb5f135b3550bcc1c73d68b5f486c7c84bb8", size = 4880579, upload-time = "2025-04-26T06:34:15.929Z" },
    { url = "https://files.pythonhosted.org/packages/2a/c8/25a6b1e166fc87b185fcead2bffaac74a3e33cde7ee6557b787a20e7a40c/rocksdict-0.3.26-cp313-cp313-musllinux_1_2_x86_64.whl", hash = "sha256:0075299b388ab09db511ba0b85c199ee0c80ddec402401848fbaae0853f3b927", size = 5141652, upload-time = "2025-04-26T06:34:17.284Z" },
    { url = "https://files.pythonhosted.org/packages/4a/0d/5d5ab20617dbb2c54a5efe7307841ba4df16dac50bb3d57ac6e3524d44a3/rocksdict-0.3.26-cp313-cp313-win_amd64.whl", hash = "sha256:ce5ec7f7fc7ae1fd98abe635616637c40a56fd4966fb4360c85c63e0f77b6372", size = 3791947, upload-time = "2025-04-26T06:34:18.598Z" },
    { url = "https://files.pythonhosted.org/packages/80/4f/9ed0b3f1245a567048b9f2a4319d1153ada13fee070973501ed3dc6cddd3/rocksdict-0.3.26-cp39-cp39-macosx_10_14_x86_64.whl", hash = "sha256:6ff17ae657586a01542367c75a2bff070260288fdeee7a5732dc49b283e641bd", size = 3970933, upload-time = "2025-04-26T06:34:47.971Z" },
    { url = "https://files.pythonhosted.org/packages/fe/04/579dbecb0e2424b43618998a67d81148435becc8597a1755c4b579985e89/rocksdict-0.3.26-cp39-cp39-macosx_11_0_arm64.whl", hash = "sha256:04b7c1531eb34f2fbf44fb917ec3beb6623c16a2f4cc3ea89eabc1f713622fce", size = 3568544, upload-time = "2025-04-26T06:34:49.368Z" },
    { url = "https://files.pythonhosted.org/packages/23/1c/85e4de41babcb998fb453abd28bbb7988caa38764d1c071031168b301ead/rocksdict-0.3.26-cp39-cp39-manylinux_2_17_aarch64.manylinux2014_aarch64.whl", hash = "sha256:770d68eb79a8048ce80c25fbff1cfa1871f25b87d1a94c84af98c248cfd057ca", size = 3952419, upload-time = "2025-04-26T06:34:50.701Z" },
    { url = "https://files.pythonhosted.org/packages/65/9d/caa0ce48f3a11ff468d61af140489f0080cb2f1291975d9a9f9e58134741/rocksdict-0.3.26-cp39-cp39-manylinux_2_17_x86_64.manylinux2014_x86_64.whl", hash = "sha256:9ff3408dcc114b8b6102718d0e50d1b38de2f440653bcb1b9dd802d3222c397f", size = 4121445, upload-time = "2025-04-26T06:34:52.339Z" },
    { url = "https://files.pythonhosted.org/packages/62/b6/2874b64a6c3983867364d5e18defbf80e0e6736835db71b5e862a74d4988/rocksdict-0.3.26-cp39-cp39-manylinux_2_28_aarch64.whl", hash = "sha256:448764a72c6ac9760dcdcd691bc7976619af82987798bcf9b2686d65b2114986", size = 3951695, upload-time = "2025-04-26T06:34:53.735Z" },
    { url = "https://files.pythonhosted.org/packages/2a/93/631a890e1f25f21fb20f32f1501bde8622b238fde18b81fb528f372dff57/rocksdict-0.3.26-cp39-cp39-manylinux_2_28_x86_64.whl", hash = "sha256:113a10ff53a96ff5860c169289e483815f0561771e800dc43577eded02746fb6", size = 4154441, upload-time = "2025-04-26T06:34:55.094Z" },
    { url = "https://files.pythonhosted.org/packages/bd/a5/60ac789ff18a4437129ae354b34fa3eb340005fbd963c79e683957bd48aa/rocksdict-0.3.26-cp39-cp39-musllinux_1_2_aarch64.whl", hash = "sha256:ad6a66c834078cfce9e3612c5176123af674acd61498f739a49e1762e64de367", size = 4883158, upload-time = "2025-04-26T06:34:56.979Z" },
    { url = "https://files.pythonhosted.org/packages/a6/a6/acfc41350ba5d9f8363c3593872c56fa416927c8931195358609bd70e7bd/rocksdict-0.3.26-cp39-cp39-musllinux_1_2_x86_64.whl", hash = "sha256:aeb2c00c9d48457df089ccbe9bac9471cce595c6c2fbb439b28b949537677a3e", size = 5140947, upload-time = "2025-04-26T06:34:58.348Z" },
    { url = "https://files.pythonhosted.org/packages/8b/36/bb58d455ad0da801e9412ed320a5b1dca1aad2741c68ec5f582e54d492e8/rocksdict-0.3.26-cp39-cp39-win_amd64.whl", hash = "sha256:6d62c2409352b710aac5bbed8fa636920cfd5a2204ee118218526132a301dbcf", size = 3794448, upload-time = "2025-04-26T06:34:59.988Z" },
    { url = "https://files.pythonhosted.org/packages/08/6e/b163033cab0778ae0b4cb3d22e2cb34d30f3efe10af52b3c79705bfa9643/rocksdict-0.3.26-pp310-pypy310_pp73-macosx_10_14_x86_64.whl", hash = "sha256:01fccfcb435a9eb22b059412ec879ac3f2e3c93cf3757bf0fa44a46887168899", size = 3969945, upload-time = "2025-04-26T06:35:01.467Z" },
    { url = "https://files.pythonhosted.org/packages/52/15/1249a25a267f2e827e841dd5ce20a38924d8d6742f1bcf2a11be081204f3/rocksdict-0.3.26-pp310-pypy310_pp73-macosx_11_0_arm64.whl", hash = "sha256:e47153d14d66472596f6ab599db78550e4f7f77c714e36a7b060cba903b9ba59", size = 3566697, upload-time = "2025-04-26T06:35:02.927Z" },
    { url = "https://files.pythonhosted.org/packages/66/f0/00d4922892278114a09673acea668695ea435a5cbd43441b1f0e1abfb4f2/rocksdict-0.3.26-pp310-pypy310_pp73-manylinux_2_17_aarch64.manylinux2014_aarch64.whl", hash = "sha256:2279dad511d473e687ca5c262ab318a4dde35467a72139e2946a2a605d84e19c", size = 3951984, upload-time = "2025-04-26T06:35:04.404Z" },
    { url = "https://files.pythonhosted.org/packages/58/cc/292e403a1e2800028b114939a1dcc97a91387957c6c4ed65ddc9ad0d2416/rocksdict-0.3.26-pp310-pypy310_pp73-manylinux_2_17_x86_64.manylinux2014_x86_64.whl", hash = "sha256:0ca9c30ee12fff8b26e6fdfa672081e9645258c1340f1f66b501483e79770c48", size = 4121435, upload-time = "2025-04-26T06:35:05.822Z" },
    { url = "https://files.pythonhosted.org/packages/de/91/7c9cb21ca690ededbe8b229b06fcc92d145b0c4812efe7b02c570280aa39/rocksdict-0.3.26-pp310-pypy310_pp73-manylinux_2_28_aarch64.whl", hash = "sha256:7450d2717ea38b9e51e3acb656a9beecbf2d5eca20446b530c20641b81333779", size = 3951260, upload-time = "2025-04-26T06:35:07.268Z" },
    { url = "https://files.pythonhosted.org/packages/1c/85/988056f38e4d3ad35258a5e30f2ad3db03502d6919ce650a1fb5f5c2dc47/rocksdict-0.3.26-pp310-pypy310_pp73-manylinux_2_28_x86_64.whl", hash = "sha256:00d23374172242585273520c8a53ddde602d5331b9306dc840ffb0b459449c18", size = 4154657, upload-time = "2025-04-26T06:35:08.645Z" },
    { url = "https://files.pythonhosted.org/packages/9a/31/4eb891c51d7c99ae542a59a70d2dde584b3a72f6ea014974a682db6dc2ad/rocksdict-0.3.26-pp310-pypy310_pp73-musllinux_1_2_aarch64.whl", hash = "sha256:2e551431c076f1f19eab7bcf89671fe319e6c7e93042e74dc6166f8b706bbf4e", size = 4882906, upload-time = "2025-04-26T06:35:10.253Z" },
    { url = "https://files.pythonhosted.org/packages/94/5d/0f22ec8d7c1c2f4986466de6cc26c3a3243ae7b9be3631757863f1541952/rocksdict-0.3.26-pp310-pypy310_pp73-musllinux_1_2_x86_64.whl", hash = "sha256:699eaab23fbd5f63c66ab56e307351f590ee7eb433b231f3d88fa798ee06f3aa", size = 5141143, upload-time = "2025-04-26T06:35:12.863Z" },
    { url = "https://files.pythonhosted.org/packages/36/92/6a40216446e56182b4859800ea6343aa2bec985cf77a42badaa6ff282f88/rocksdict-0.3.26-pp310-pypy310_pp73-win_amd64.whl", hash = "sha256:5522277dcfa081686cab7b04ee7d4c4d0120f10181eefd884b0c9642cacb1681", size = 3794439, upload-time = "2025-04-26T06:35:14.316Z" },
    { url = "https://files.pythonhosted.org/packages/02/e9/8604f4d1ea52c439fae518ec6ab83ff3a570b89f4cc8d09286ab02bba075/rocksdict-0.3.26-pp39-pypy39_pp73-macosx_10_14_x86_64.whl", hash = "sha256:f8255fef48297e4c9a8ad979709450ffee6066f1deb04fcd504690944756526d", size = 3970975, upload-time = "2025-04-26T06:35:15.703Z" },
    { url = "https://files.pythonhosted.org/packages/ae/55/2ba39dba20b76c5d34e5705621239ea6f22be7551f882c2f5979e2b55cdb/rocksdict-0.3.26-pp39-pypy39_pp73-macosx_11_0_arm64.whl", hash = "sha256:f52b8f3588fa708a98abe2088662de43f1f0bea4aa7ba084972fce36edd6174f", size = 3567203, upload-time = "2025-04-26T06:35:17.17Z" },
    { url = "https://files.pythonhosted.org/packages/eb/97/ebeadfe90162000465fea23d4dbbd6a5e38c03b75931090e0baedc633969/rocksdict-0.3.26-pp39-pypy39_pp73-manylinux_2_17_aarch64.manylinux2014_aarch64.whl", hash = "sha256:797a5dc827485daf116b85f23ef9b56ee33f37d5f6ea8a1f0deb8bc400fa6c3d", size = 3952169, upload-time = "2025-04-26T06:35:18.992Z" },
    { url = "https://files.pythonhosted.org/packages/24/27/14469d89be6446db1001f7caceb23da7d90ecf98aa56875f0362fda31898/rocksdict-0.3.26-pp39-pypy39_pp73-manylinux_2_17_x86_64.manylinux2014_x86_64.whl", hash = "sha256:52cbe31b5b330ccb7daa03a298198bc93d4a6e4225b431be85f437753cf21c99", size = 4121773, upload-time = "2025-04-26T06:35:20.5Z" },
    { url = "https://files.pythonhosted.org/packages/47/0c/0e11677bf25c58bbc8f4a226e8584604f0ce4446a092e233f3d0d0d5c4d2/rocksdict-0.3.26-pp39-pypy39_pp73-manylinux_2_28_aarch64.whl", hash = "sha256:9fb76211ae65c03c498e02a4792fb54584142deb8593a2dde5613d7dcda3e0db", size = 3951546, upload-time = "2025-04-26T06:35:21.895Z" },
    { url = "https://files.pythonhosted.org/packages/f5/8a/d2f329b253a674e30c27cfe1feed2c29eb5b7c122e444c8695a66730d5f0/rocksdict-0.3.26-pp39-pypy39_pp73-manylinux_2_28_x86_64.whl", hash = "sha256:601f3ef94504a0b9b689f02f792dc2bedce2b6afc8387dd02580f06270ca782a", size = 4155619, upload-time = "2025-04-26T06:35:23.302Z" },
    { url = "https://files.pythonhosted.org/packages/92/10/cd2f39fef498033a98d0b200adef78e45c02daebc9faa32364ab1e0418e3/rocksdict-0.3.26-pp39-pypy39_pp73-musllinux_1_2_aarch64.whl", hash = "sha256:455254242aad73aad33312e50ec013031d4142c9319246829229d4b1f00419d3", size = 4882988, upload-time = "2025-04-26T06:35:25.165Z" },
    { url = "https://files.pythonhosted.org/packages/69/f5/095edb08eb69b1515734ffeaefd65f96c55530c92700bd4b534826330114/rocksdict-0.3.26-pp39-pypy39_pp73-musllinux_1_2_x86_64.whl", hash = "sha256:28be8560e46804a9d3e3459cf1c5f46ff3c6bf10d4b5bb6e2d99eed9c2342492", size = 5141712, upload-time = "2025-04-26T06:35:27.075Z" },
    { url = "https://files.pythonhosted.org/packages/c0/8c/95093d0d22ba1d5576b48598b3472203819dd18db3ddce93918449312dbf/rocksdict-0.3.26-pp39-pypy39_pp73-win_amd64.whl", hash = "sha256:09ecb853750a4e405b9c252250d600354888531e583476117811f7853604c48b", size = 3793184, upload-time = "2025-04-26T06:35:28.597Z" },
]
